
Microsoft Visual Studio Solution File, Format Version 12.00
# Visual Studio Version 16
VisualStudioVersion = 16.0.30413.136
MinimumVisualStudioVersion = 10.0.40219.1
Project("{FAE04EC0-301F-11D3-BF4B-00C04F79EFBC}") = "MiCalculadora", "MiCalculadora\MiCalculadora.csproj", "{9A40F94B-2E56-468E-AA15-7847B2A3BF12}"
EndProject
Project("{FAE04EC0-301F-11D3-BF4B-00C04F79EFBC}") = "Entidades", "Entidades\Entidades.csproj", "{04B8DA22-12FA-41B2-B494-D70C1F18EA0E}"
EndProject
Global
	GlobalSection(SolutionConfigurationPlatforms) = preSolution
		Debug|Any CPU = Debug|Any CPU
		Release|Any CPU = Release|Any CPU
	EndGlobalSection
	GlobalSection(ProjectConfigurationPlatforms) = postSolution
		{9A40F94B-2E56-468E-AA15-7847B2A3BF12}.Debug|Any CPU.ActiveCfg = Debug|Any CPU
		{9A40F94B-2E56-468E-AA15-7847B2A3BF12}.Debug|Any CPU.Build.0 = Debug|Any CPU
		{9A40F94B-2E56-468E-AA15-7847B2A3BF12}.Release|Any CPU.ActiveCfg = Release|Any CPU
		{9A40F94B-2E56-468E-AA15-7847B2A3BF12}.Release|Any CPU.Build.0 = Release|Any CPU
		{04B8DA22-12FA-41B2-B494-D70C1F18EA0E}.Debug|Any CPU.ActiveCfg = Debug|Any CPU
		{04B8DA22-12FA-41B2-B494-D70C1F18EA0E}.Debug|Any CPU.Build.0 = Debug|Any CPU
		{04B8DA22-12FA-41B2-B494-D70C1F18EA0E}.Release|Any CPU.ActiveCfg = Release|Any CPU
		{04B8DA22-12FA-41B2-B494-D70C1F18EA0E}.Release|Any CPU.Build.0 = Release|Any CPU
	EndGlobalSection
	GlobalSection(SolutionProperties) = preSolution
		HideSolutionNode = FALSE
	EndGlobalSection
	GlobalSection(ExtensibilityGlobals) = postSolution
		SolutionGuid = {9A760712-257B-44AE-AB64-2E360D63E6CE}
	EndGlobalSection
EndGlobal
