
Microsoft Visual Studio Solution File, Format Version 12.00
# Visual Studio Version 16
VisualStudioVersion = 16.0.30611.23
MinimumVisualStudioVersion = 10.0.40219.1
Project("{FAE04EC0-301F-11D3-BF4B-00C04F79EFBC}") = "Clases Abstractas", "Clases Abstractas\Clases Abstractas.csproj", "{C6275E08-1A17-429E-B867-7FC8F907B7DC}"
EndProject
Project("{FAE04EC0-301F-11D3-BF4B-00C04F79EFBC}") = "Excepciones", "Excepciones\Excepciones.csproj", "{E34A072E-79B4-4E2C-9D81-D6FF4711DC96}"
EndProject
Project("{FAE04EC0-301F-11D3-BF4B-00C04F79EFBC}") = "Clases Instanciables", "Clases Instanciables\Clases Instanciables.csproj", "{169F1AF8-0583-418C-8497-0AA36576F7C3}"
EndProject
Project("{FAE04EC0-301F-11D3-BF4B-00C04F79EFBC}") = "Archivos", "Archivos\Archivos.csproj", "{8E02D309-669E-4420-8A9C-73E7B506CD12}"
EndProject
Project("{FAE04EC0-301F-11D3-BF4B-00C04F79EFBC}") = "proyecto_consola", "proyecto_consola\proyecto_consola.csproj", "{A984A50F-89BA-4B3D-8D08-E302039FD238}"
EndProject
Project("{FAE04EC0-301F-11D3-BF4B-00C04F79EFBC}") = "test unitarios", "test unitarios\test unitarios.csproj", "{828767F8-1F1D-47DD-9BC2-3A39E76CDF5A}"
EndProject
Global
	GlobalSection(SolutionConfigurationPlatforms) = preSolution
		Debug|Any CPU = Debug|Any CPU
		Release|Any CPU = Release|Any CPU
	EndGlobalSection
	GlobalSection(ProjectConfigurationPlatforms) = postSolution
		{C6275E08-1A17-429E-B867-7FC8F907B7DC}.Debug|Any CPU.ActiveCfg = Debug|Any CPU
		{C6275E08-1A17-429E-B867-7FC8F907B7DC}.Debug|Any CPU.Build.0 = Debug|Any CPU
		{C6275E08-1A17-429E-B867-7FC8F907B7DC}.Release|Any CPU.ActiveCfg = Release|Any CPU
		{C6275E08-1A17-429E-B867-7FC8F907B7DC}.Release|Any CPU.Build.0 = Release|Any CPU
		{E34A072E-79B4-4E2C-9D81-D6FF4711DC96}.Debug|Any CPU.ActiveCfg = Debug|Any CPU
		{E34A072E-79B4-4E2C-9D81-D6FF4711DC96}.Debug|Any CPU.Build.0 = Debug|Any CPU
		{E34A072E-79B4-4E2C-9D81-D6FF4711DC96}.Release|Any CPU.ActiveCfg = Release|Any CPU
		{E34A072E-79B4-4E2C-9D81-D6FF4711DC96}.Release|Any CPU.Build.0 = Release|Any CPU
		{169F1AF8-0583-418C-8497-0AA36576F7C3}.Debug|Any CPU.ActiveCfg = Debug|Any CPU
		{169F1AF8-0583-418C-8497-0AA36576F7C3}.Debug|Any CPU.Build.0 = Debug|Any CPU
		{169F1AF8-0583-418C-8497-0AA36576F7C3}.Release|Any CPU.ActiveCfg = Release|Any CPU
		{169F1AF8-0583-418C-8497-0AA36576F7C3}.Release|Any CPU.Build.0 = Release|Any CPU
		{8E02D309-669E-4420-8A9C-73E7B506CD12}.Debug|Any CPU.ActiveCfg = Debug|Any CPU
		{8E02D309-669E-4420-8A9C-73E7B506CD12}.Debug|Any CPU.Build.0 = Debug|Any CPU
		{8E02D309-669E-4420-8A9C-73E7B506CD12}.Release|Any CPU.ActiveCfg = Release|Any CPU
		{8E02D309-669E-4420-8A9C-73E7B506CD12}.Release|Any CPU.Build.0 = Release|Any CPU
		{A984A50F-89BA-4B3D-8D08-E302039FD238}.Debug|Any CPU.ActiveCfg = Debug|Any CPU
		{A984A50F-89BA-4B3D-8D08-E302039FD238}.Debug|Any CPU.Build.0 = Debug|Any CPU
		{A984A50F-89BA-4B3D-8D08-E302039FD238}.Release|Any CPU.ActiveCfg = Release|Any CPU
		{A984A50F-89BA-4B3D-8D08-E302039FD238}.Release|Any CPU.Build.0 = Release|Any CPU
		{828767F8-1F1D-47DD-9BC2-3A39E76CDF5A}.Debug|Any CPU.ActiveCfg = Debug|Any CPU
		{828767F8-1F1D-47DD-9BC2-3A39E76CDF5A}.Debug|Any CPU.Build.0 = Debug|Any CPU
		{828767F8-1F1D-47DD-9BC2-3A39E76CDF5A}.Release|Any CPU.ActiveCfg = Release|Any CPU
		{828767F8-1F1D-47DD-9BC2-3A39E76CDF5A}.Release|Any CPU.Build.0 = Release|Any CPU
	EndGlobalSection
	GlobalSection(SolutionProperties) = preSolution
		HideSolutionNode = FALSE
	EndGlobalSection
	GlobalSection(ExtensibilityGlobals) = postSolution
		SolutionGuid = {22F09960-DDEA-46D8-9AC5-9D5183008ACB}
	EndGlobalSection
EndGlobal
