
Microsoft Visual Studio Solution File, Format Version 12.00
# Visual Studio Version 16
VisualStudioVersion = 16.0.30711.63
MinimumVisualStudioVersion = 10.0.40219.1
Project("{FAE04EC0-301F-11D3-BF4B-00C04F79EFBC}") = "Entidades", "Entidades\Entidades.csproj", "{75692342-DB98-4ED7-AFC8-EB5A0665740F}"
EndProject
Project("{FAE04EC0-301F-11D3-BF4B-00C04F79EFBC}") = "Test", "Test\Test.csproj", "{89B65790-36F7-4C2E-8E61-84D0A40EED26}"
EndProject
Project("{FAE04EC0-301F-11D3-BF4B-00C04F79EFBC}") = "MiArmeria", "MiArmeria\MiArmeria.csproj", "{C17D36D9-D47D-45F7-820C-A306CB35F96C}"
EndProject
Project("{FAE04EC0-301F-11D3-BF4B-00C04F79EFBC}") = "TestUnitarios", "TestUnitarios\TestUnitarios.csproj", "{D73597D6-C17E-496E-A53E-9E1A560EB126}"
EndProject
Global
	GlobalSection(SolutionConfigurationPlatforms) = preSolution
		Debug|Any CPU = Debug|Any CPU
		Release|Any CPU = Release|Any CPU
	EndGlobalSection
	GlobalSection(ProjectConfigurationPlatforms) = postSolution
		{75692342-DB98-4ED7-AFC8-EB5A0665740F}.Debug|Any CPU.ActiveCfg = Debug|Any CPU
		{75692342-DB98-4ED7-AFC8-EB5A0665740F}.Debug|Any CPU.Build.0 = Debug|Any CPU
		{75692342-DB98-4ED7-AFC8-EB5A0665740F}.Release|Any CPU.ActiveCfg = Release|Any CPU
		{75692342-DB98-4ED7-AFC8-EB5A0665740F}.Release|Any CPU.Build.0 = Release|Any CPU
		{89B65790-36F7-4C2E-8E61-84D0A40EED26}.Debug|Any CPU.ActiveCfg = Debug|Any CPU
		{89B65790-36F7-4C2E-8E61-84D0A40EED26}.Debug|Any CPU.Build.0 = Debug|Any CPU
		{89B65790-36F7-4C2E-8E61-84D0A40EED26}.Release|Any CPU.ActiveCfg = Release|Any CPU
		{89B65790-36F7-4C2E-8E61-84D0A40EED26}.Release|Any CPU.Build.0 = Release|Any CPU
		{C17D36D9-D47D-45F7-820C-A306CB35F96C}.Debug|Any CPU.ActiveCfg = Debug|Any CPU
		{C17D36D9-D47D-45F7-820C-A306CB35F96C}.Debug|Any CPU.Build.0 = Debug|Any CPU
		{C17D36D9-D47D-45F7-820C-A306CB35F96C}.Release|Any CPU.ActiveCfg = Release|Any CPU
		{C17D36D9-D47D-45F7-820C-A306CB35F96C}.Release|Any CPU.Build.0 = Release|Any CPU
		{D73597D6-C17E-496E-A53E-9E1A560EB126}.Debug|Any CPU.ActiveCfg = Debug|Any CPU
		{D73597D6-C17E-496E-A53E-9E1A560EB126}.Debug|Any CPU.Build.0 = Debug|Any CPU
		{D73597D6-C17E-496E-A53E-9E1A560EB126}.Release|Any CPU.ActiveCfg = Release|Any CPU
		{D73597D6-C17E-496E-A53E-9E1A560EB126}.Release|Any CPU.Build.0 = Release|Any CPU
	EndGlobalSection
	GlobalSection(SolutionProperties) = preSolution
		HideSolutionNode = FALSE
	EndGlobalSection
	GlobalSection(ExtensibilityGlobals) = postSolution
		SolutionGuid = {D3DF9E80-F471-460A-A93C-0B19C06521A5}
	EndGlobalSection
EndGlobal
